
Microsoft Visual Studio Solution File, Format Version 12.00
# Visual Studio Version 16
VisualStudioVersion = 16.0.28315.86
MinimumVisualStudioVersion = 10.0.40219.1
Project("{FAE04EC0-301F-11D3-BF4B-00C04F79EFBC}") = "Tests", "Tests\Tests.csproj", "{CF28F368-FA46-4BA0-AF89-4E0A52107751}"
EndProject
Project("{9A19103F-16F7-4668-BE54-9A1E7A4F7556}") = "Genesys.Bayeux.Client", "Genesys.Bayeux.Client\Genesys.Bayeux.Client.csproj", "{0DCEC1E8-CBE2-4F85-A989-FA1A363C04A8}"
EndProject
Project("{2150E333-8FDC-42A3-9474-1A3956D46DE8}") = "Solution Items", "Solution Items", "{5A1A53E1-A046-4AA3-9856-C8548A932FFA}"
EndProject
Global
	GlobalSection(SolutionConfigurationPlatforms) = preSolution
		Debug|Any CPU = Debug|Any CPU
		Release|Any CPU = Release|Any CPU
	EndGlobalSection
	GlobalSection(ProjectConfigurationPlatforms) = postSolution
		{CF28F368-FA46-4BA0-AF89-4E0A52107751}.Debug|Any CPU.ActiveCfg = Debug|Any CPU
		{CF28F368-FA46-4BA0-AF89-4E0A52107751}.Debug|Any CPU.Build.0 = Debug|Any CPU
		{CF28F368-FA46-4BA0-AF89-4E0A52107751}.Release|Any CPU.ActiveCfg = Release|Any CPU
		{CF28F368-FA46-4BA0-AF89-4E0A52107751}.Release|Any CPU.Build.0 = Release|Any CPU
		{0DCEC1E8-CBE2-4F85-A989-FA1A363C04A8}.Debug|Any CPU.ActiveCfg = Debug|Any CPU
		{0DCEC1E8-CBE2-4F85-A989-FA1A363C04A8}.Debug|Any CPU.Build.0 = Debug|Any CPU
		{0DCEC1E8-CBE2-4F85-A989-FA1A363C04A8}.Release|Any CPU.ActiveCfg = Release|Any CPU
		{0DCEC1E8-CBE2-4F85-A989-FA1A363C04A8}.Release|Any CPU.Build.0 = Release|Any CPU
	EndGlobalSection
	GlobalSection(SolutionProperties) = preSolution
		HideSolutionNode = FALSE
	EndGlobalSection
	GlobalSection(ExtensibilityGlobals) = postSolution
		SolutionGuid = {CF3E3EC5-0BF9-4D3B-9A22-0FF6C752C92A}
	EndGlobalSection
	GlobalSection(NDepend) = preSolution
		Project = ".\Genesys.Bayeux.Client.ndproj"
	EndGlobalSection
EndGlobal
